
Microsoft Visual Studio Solution File, Format Version 12.00
# Visual Studio Version 17
VisualStudioVersion = 17.7.34031.279
MinimumVisualStudioVersion = 10.0.40219.1
Project("{FAE04EC0-301F-11D3-BF4B-00C04F79EFBC}") = "maksim", "maksim\maksim.csproj", "{0822F3BB-E095-4033-9747-4960B88A35C4}"
EndProject
Global
	GlobalSection(SolutionConfigurationPlatforms) = preSolution
		Debug|Any CPU = Debug|Any CPU
		Release|Any CPU = Release|Any CPU
	EndGlobalSection
	GlobalSection(ProjectConfigurationPlatforms) = postSolution
		{0822F3BB-E095-4033-9747-4960B88A35C4}.Debug|Any CPU.ActiveCfg = Debug|Any CPU
		{0822F3BB-E095-4033-9747-4960B88A35C4}.Debug|Any CPU.Build.0 = Debug|Any CPU
		{0822F3BB-E095-4033-9747-4960B88A35C4}.Release|Any CPU.ActiveCfg = Release|Any CPU
		{0822F3BB-E095-4033-9747-4960B88A35C4}.Release|Any CPU.Build.0 = Release|Any CPU
	EndGlobalSection
	GlobalSection(SolutionProperties) = preSolution
		HideSolutionNode = FALSE
	EndGlobalSection
	GlobalSection(ExtensibilityGlobals) = postSolution
		SolutionGuid = {58921AD2-D68D-498F-8014-A8E1DE12A781}
	EndGlobalSection
EndGlobal
